
Microsoft Visual Studio Solution File, Format Version 12.00
# Visual Studio Version 16
VisualStudioVersion = 16.0.31515.178
MinimumVisualStudioVersion = 10.0.40219.1
Project("{FAE04EC0-301F-11D3-BF4B-00C04F79EFBC}") = "ConsoleApp1", "ConsoleApp1\ConsoleApp1.csproj", "{A28564E9-231E-4A01-B5F9-2EC1A815B4EA}"
EndProject
Global
	GlobalSection(SolutionConfigurationPlatforms) = preSolution
		Debug|Any CPU = Debug|Any CPU
		Release|Any CPU = Release|Any CPU
	EndGlobalSection
	GlobalSection(ProjectConfigurationPlatforms) = postSolution
		{A28564E9-231E-4A01-B5F9-2EC1A815B4EA}.Debug|Any CPU.ActiveCfg = Debug|Any CPU
		{A28564E9-231E-4A01-B5F9-2EC1A815B4EA}.Debug|Any CPU.Build.0 = Debug|Any CPU
		{A28564E9-231E-4A01-B5F9-2EC1A815B4EA}.Release|Any CPU.ActiveCfg = Release|Any CPU
		{A28564E9-231E-4A01-B5F9-2EC1A815B4EA}.Release|Any CPU.Build.0 = Release|Any CPU
	EndGlobalSection
	GlobalSection(SolutionProperties) = preSolution
		HideSolutionNode = FALSE
	EndGlobalSection
	GlobalSection(ExtensibilityGlobals) = postSolution
		SolutionGuid = {20497A89-C7D5-40CA-A931-ACE934081B7F}
	EndGlobalSection
EndGlobal
